
Microsoft Visual Studio Solution File, Format Version 12.00
# Visual Studio Version 16
VisualStudioVersion = 16.0.30907.101
MinimumVisualStudioVersion = 10.0.40219.1
Project("{888888A0-9F3D-457C-B088-3A5042F75D52}") = "Temperature-ECI", "Temperature-ECI.pyproj", "{38E13CC9-6898-4249-80C2-85BA9672712F}"
EndProject
Global
	GlobalSection(SolutionConfigurationPlatforms) = preSolution
		Debug|Any CPU = Debug|Any CPU
		Release|Any CPU = Release|Any CPU
	EndGlobalSection
	GlobalSection(ProjectConfigurationPlatforms) = postSolution
		{38E13CC9-6898-4249-80C2-85BA9672712F}.Debug|Any CPU.ActiveCfg = Debug|Any CPU
		{38E13CC9-6898-4249-80C2-85BA9672712F}.Debug|Any CPU.Build.0 = Debug|Any CPU
		{38E13CC9-6898-4249-80C2-85BA9672712F}.Release|Any CPU.ActiveCfg = Release|Any CPU
		{38E13CC9-6898-4249-80C2-85BA9672712F}.Release|Any CPU.Build.0 = Release|Any CPU
	EndGlobalSection
	GlobalSection(SolutionProperties) = preSolution
		HideSolutionNode = FALSE
	EndGlobalSection
	GlobalSection(ExtensibilityGlobals) = postSolution
		SolutionGuid = {CF8E06D9-88C7-4890-AD3E-B530693528AE}
	EndGlobalSection
EndGlobal
